
Microsoft Visual Studio Solution File, Format Version 12.00
# Visual Studio 15
VisualStudioVersion = 15.0.27004.2002
MinimumVisualStudioVersion = 10.0.40219.1
Project("{FAE04EC0-301F-11D3-BF4B-00C04F79EFBC}") = "Task_1_2", "Lesson_4\Task_1_2.csproj", "{8EB832F0-D680-4D6D-9C59-1A3E6807036C}"
EndProject
Project("{FAE04EC0-301F-11D3-BF4B-00C04F79EFBC}") = "Task_3", "ConsoleApp1\Task_3.csproj", "{1916FAB6-0FA2-49A9-8811-26A68107ACF2}"
EndProject
Global
	GlobalSection(SolutionConfigurationPlatforms) = preSolution
		Debug|Any CPU = Debug|Any CPU
		Release|Any CPU = Release|Any CPU
	EndGlobalSection
	GlobalSection(ProjectConfigurationPlatforms) = postSolution
		{8EB832F0-D680-4D6D-9C59-1A3E6807036C}.Debug|Any CPU.ActiveCfg = Debug|Any CPU
		{8EB832F0-D680-4D6D-9C59-1A3E6807036C}.Debug|Any CPU.Build.0 = Debug|Any CPU
		{8EB832F0-D680-4D6D-9C59-1A3E6807036C}.Release|Any CPU.ActiveCfg = Release|Any CPU
		{8EB832F0-D680-4D6D-9C59-1A3E6807036C}.Release|Any CPU.Build.0 = Release|Any CPU
		{1916FAB6-0FA2-49A9-8811-26A68107ACF2}.Debug|Any CPU.ActiveCfg = Debug|Any CPU
		{1916FAB6-0FA2-49A9-8811-26A68107ACF2}.Debug|Any CPU.Build.0 = Debug|Any CPU
		{1916FAB6-0FA2-49A9-8811-26A68107ACF2}.Release|Any CPU.ActiveCfg = Release|Any CPU
		{1916FAB6-0FA2-49A9-8811-26A68107ACF2}.Release|Any CPU.Build.0 = Release|Any CPU
	EndGlobalSection
	GlobalSection(SolutionProperties) = preSolution
		HideSolutionNode = FALSE
	EndGlobalSection
	GlobalSection(ExtensibilityGlobals) = postSolution
		SolutionGuid = {E527B758-7F4D-4DA9-A854-B3A7225BF3E5}
	EndGlobalSection
EndGlobal
