
Microsoft Visual Studio Solution File, Format Version 12.00
# Visual Studio 15
VisualStudioVersion = 15.0.27004.2002
MinimumVisualStudioVersion = 10.0.40219.1
Project("{FAE04EC0-301F-11D3-BF4B-00C04F79EFBC}") = "Udvoitel", "Udvoitel\Udvoitel.csproj", "{81FDE326-2A72-45EA-901F-5CCADC8F1B65}"
EndProject
Project("{FAE04EC0-301F-11D3-BF4B-00C04F79EFBC}") = "Search_Number", "Search_Number\Search_Number.csproj", "{FA7BDF71-EAFB-47F1-A48D-81F46F08392B}"
EndProject
Global
	GlobalSection(SolutionConfigurationPlatforms) = preSolution
		Debug|Any CPU = Debug|Any CPU
		Release|Any CPU = Release|Any CPU
	EndGlobalSection
	GlobalSection(ProjectConfigurationPlatforms) = postSolution
		{81FDE326-2A72-45EA-901F-5CCADC8F1B65}.Debug|Any CPU.ActiveCfg = Debug|Any CPU
		{81FDE326-2A72-45EA-901F-5CCADC8F1B65}.Debug|Any CPU.Build.0 = Debug|Any CPU
		{81FDE326-2A72-45EA-901F-5CCADC8F1B65}.Release|Any CPU.ActiveCfg = Release|Any CPU
		{81FDE326-2A72-45EA-901F-5CCADC8F1B65}.Release|Any CPU.Build.0 = Release|Any CPU
		{FA7BDF71-EAFB-47F1-A48D-81F46F08392B}.Debug|Any CPU.ActiveCfg = Debug|Any CPU
		{FA7BDF71-EAFB-47F1-A48D-81F46F08392B}.Debug|Any CPU.Build.0 = Debug|Any CPU
		{FA7BDF71-EAFB-47F1-A48D-81F46F08392B}.Release|Any CPU.ActiveCfg = Release|Any CPU
		{FA7BDF71-EAFB-47F1-A48D-81F46F08392B}.Release|Any CPU.Build.0 = Release|Any CPU
	EndGlobalSection
	GlobalSection(SolutionProperties) = preSolution
		HideSolutionNode = FALSE
	EndGlobalSection
	GlobalSection(ExtensibilityGlobals) = postSolution
		SolutionGuid = {1E0ADCA0-077D-40B7-8600-CE5F20027C41}
	EndGlobalSection
EndGlobal
